
Microsoft Visual Studio Solution File, Format Version 12.00
# Visual Studio Version 17
VisualStudioVersion = 17.6.35707.66
MinimumVisualStudioVersion = 10.0.40219.1
Project("{FAE04EC0-301F-11D3-BF4B-00C04F79EFBC}") = "XsoStatic", "XsoStatic\XsoStatic.csproj", "{611F7FCE-5171-42B4-B2AD-B7142CC5796F}"
EndProject
Project("{FAE04EC0-301F-11D3-BF4B-00C04F79EFBC}") = "UnitTest", "UnitTest\UnitTest.csproj", "{0CA01A86-47EA-429B-AB75-00086223C9BE}"
EndProject
Project("{FAE04EC0-301F-11D3-BF4B-00C04F79EFBC}") = "ExtractorV1", "ExtractorV1\ExtractorV1.csproj", "{F37A39C8-19E0-482A-BA37-3FD4339D2702}"
EndProject
Global
	GlobalSection(SolutionConfigurationPlatforms) = preSolution
		Debug|x64 = Debug|x64
		Release|x64 = Release|x64
	EndGlobalSection
	GlobalSection(ProjectConfigurationPlatforms) = postSolution
		{611F7FCE-5171-42B4-B2AD-B7142CC5796F}.Debug|x64.ActiveCfg = Debug|x64
		{611F7FCE-5171-42B4-B2AD-B7142CC5796F}.Debug|x64.Build.0 = Debug|x64
		{611F7FCE-5171-42B4-B2AD-B7142CC5796F}.Release|x64.ActiveCfg = Release|x64
		{611F7FCE-5171-42B4-B2AD-B7142CC5796F}.Release|x64.Build.0 = Release|x64
		{0CA01A86-47EA-429B-AB75-00086223C9BE}.Debug|x64.ActiveCfg = Debug|x64
		{0CA01A86-47EA-429B-AB75-00086223C9BE}.Debug|x64.Build.0 = Debug|x64
		{0CA01A86-47EA-429B-AB75-00086223C9BE}.Release|x64.ActiveCfg = Release|x64
		{0CA01A86-47EA-429B-AB75-00086223C9BE}.Release|x64.Build.0 = Release|x64
		{F37A39C8-19E0-482A-BA37-3FD4339D2702}.Debug|x64.ActiveCfg = Debug|x64
		{F37A39C8-19E0-482A-BA37-3FD4339D2702}.Debug|x64.Build.0 = Debug|x64
		{F37A39C8-19E0-482A-BA37-3FD4339D2702}.Release|x64.ActiveCfg = Release|x64
		{F37A39C8-19E0-482A-BA37-3FD4339D2702}.Release|x64.Build.0 = Release|x64
	EndGlobalSection
	GlobalSection(SolutionProperties) = preSolution
		HideSolutionNode = FALSE
	EndGlobalSection
	GlobalSection(ExtensibilityGlobals) = postSolution
		SolutionGuid = {9BD30E43-8D3B-4B02-90E0-528F295C0883}
	EndGlobalSection
EndGlobal
