
Microsoft Visual Studio Solution File, Format Version 12.00
# Visual Studio Version 17
VisualStudioVersion = 17.4.33205.214
MinimumVisualStudioVersion = 10.0.40219.1
Project("{9A19103F-16F7-4668-BE54-9A1E7A4F7556}") = "ShadowOfTwelveKeyGen", "ShadowOfTwelveKeyGen\ShadowOfTwelveKeyGen.csproj", "{62B5BF86-73B0-4B4E-8905-752D8BEC2A48}"
EndProject
Global
	GlobalSection(SolutionConfigurationPlatforms) = preSolution
		Debug|x64 = Debug|x64
		Release|x64 = Release|x64
	EndGlobalSection
	GlobalSection(ProjectConfigurationPlatforms) = postSolution
		{62B5BF86-73B0-4B4E-8905-752D8BEC2A48}.Debug|x64.ActiveCfg = Debug|x64
		{62B5BF86-73B0-4B4E-8905-752D8BEC2A48}.Debug|x64.Build.0 = Debug|x64
		{62B5BF86-73B0-4B4E-8905-752D8BEC2A48}.Release|x64.ActiveCfg = Release|x64
		{62B5BF86-73B0-4B4E-8905-752D8BEC2A48}.Release|x64.Build.0 = Release|x64
	EndGlobalSection
	GlobalSection(SolutionProperties) = preSolution
		HideSolutionNode = FALSE
	EndGlobalSection
	GlobalSection(ExtensibilityGlobals) = postSolution
		SolutionGuid = {E9A5A611-6E8B-4E12-B7FD-79954CD1B93A}
	EndGlobalSection
EndGlobal
