
Microsoft Visual Studio Solution File, Format Version 12.00
# Visual Studio Version 17
VisualStudioVersion = 17.6.33801.468
MinimumVisualStudioVersion = 10.0.40219.1
Project("{FAE04EC0-301F-11D3-BF4B-00C04F79EFBC}") = "FileExtractor", "FileExtractor\FileExtractor.csproj", "{0B474150-9E77-4989-A38A-CD09EE32C7C8}"
EndProject
Global
	GlobalSection(SolutionConfigurationPlatforms) = preSolution
		Debug|x64 = Debug|x64
		Release|x64 = Release|x64
	EndGlobalSection
	GlobalSection(ProjectConfigurationPlatforms) = postSolution
		{0B474150-9E77-4989-A38A-CD09EE32C7C8}.Debug|x64.ActiveCfg = Debug|x64
		{0B474150-9E77-4989-A38A-CD09EE32C7C8}.Debug|x64.Build.0 = Debug|x64
		{0B474150-9E77-4989-A38A-CD09EE32C7C8}.Release|x64.ActiveCfg = Release|x64
		{0B474150-9E77-4989-A38A-CD09EE32C7C8}.Release|x64.Build.0 = Release|x64
	EndGlobalSection
	GlobalSection(SolutionProperties) = preSolution
		HideSolutionNode = FALSE
	EndGlobalSection
	GlobalSection(ExtensibilityGlobals) = postSolution
		SolutionGuid = {8F0A279D-0FF4-4B34-B35F-D0DD332E3363}
	EndGlobalSection
EndGlobal
