
Microsoft Visual Studio Solution File, Format Version 12.00
# Visual Studio Version 17
VisualStudioVersion = 17.4.33205.214
MinimumVisualStudioVersion = 10.0.40219.1
Project("{9A19103F-16F7-4668-BE54-9A1E7A4F7556}") = "Extractor", "Extractor\Extractor.csproj", "{D422F1E4-F09F-4523-835F-7E496E27F509}"
EndProject
Project("{9A19103F-16F7-4668-BE54-9A1E7A4F7556}") = "ConsoleExecute", "ConsoleExecute\ConsoleExecute.csproj", "{4E5CE167-44D4-469C-A05B-58276C3D77FE}"
EndProject
Global
	GlobalSection(SolutionConfigurationPlatforms) = preSolution
		Debug|x64 = Debug|x64
		Release|x64 = Release|x64
	EndGlobalSection
	GlobalSection(ProjectConfigurationPlatforms) = postSolution
		{D422F1E4-F09F-4523-835F-7E496E27F509}.Debug|x64.ActiveCfg = Debug|x64
		{D422F1E4-F09F-4523-835F-7E496E27F509}.Debug|x64.Build.0 = Debug|x64
		{D422F1E4-F09F-4523-835F-7E496E27F509}.Release|x64.ActiveCfg = Release|x64
		{D422F1E4-F09F-4523-835F-7E496E27F509}.Release|x64.Build.0 = Release|x64
		{4E5CE167-44D4-469C-A05B-58276C3D77FE}.Debug|x64.ActiveCfg = Debug|x64
		{4E5CE167-44D4-469C-A05B-58276C3D77FE}.Debug|x64.Build.0 = Debug|x64
		{4E5CE167-44D4-469C-A05B-58276C3D77FE}.Release|x64.ActiveCfg = Release|x64
		{4E5CE167-44D4-469C-A05B-58276C3D77FE}.Release|x64.Build.0 = Release|x64
	EndGlobalSection
	GlobalSection(SolutionProperties) = preSolution
		HideSolutionNode = FALSE
	EndGlobalSection
	GlobalSection(ExtensibilityGlobals) = postSolution
		SolutionGuid = {36C0F717-034B-4ECD-B4F7-4ACCFC5770F8}
	EndGlobalSection
EndGlobal
