
Microsoft Visual Studio Solution File, Format Version 12.00
# Visual Studio Version 17
VisualStudioVersion = 17.6.35707.66
MinimumVisualStudioVersion = 10.0.40219.1
Project("{9A19103F-16F7-4668-BE54-9A1E7A4F7556}") = "PygmaGameStatic", "PygmaGameStatic\PygmaGameStatic.csproj", "{E7F41CF5-10BD-45A2-A049-DA6661D44C55}"
EndProject
Project("{9A19103F-16F7-4668-BE54-9A1E7A4F7556}") = "UnitTest", "UnitTest\UnitTest.csproj", "{EF0764D0-2364-44E1-A3DF-E2A1FEFC892A}"
EndProject
Project("{9A19103F-16F7-4668-BE54-9A1E7A4F7556}") = "ExtractorV1", "ExtractorV1\ExtractorV1.csproj", "{A216E9E7-7233-4F47-B83D-4A60B4F2C956}"
EndProject
Project("{FAE04EC0-301F-11D3-BF4B-00C04F79EFBC}") = "ExtractorV2", "ExtractorV2\ExtractorV2.csproj", "{7A59175C-BBFD-432A-B1D0-0D1C7D6FF717}"
EndProject
Global
	GlobalSection(SolutionConfigurationPlatforms) = preSolution
		Debug|x64 = Debug|x64
		Release|x64 = Release|x64
	EndGlobalSection
	GlobalSection(ProjectConfigurationPlatforms) = postSolution
		{E7F41CF5-10BD-45A2-A049-DA6661D44C55}.Debug|x64.ActiveCfg = Debug|x64
		{E7F41CF5-10BD-45A2-A049-DA6661D44C55}.Debug|x64.Build.0 = Debug|x64
		{E7F41CF5-10BD-45A2-A049-DA6661D44C55}.Release|x64.ActiveCfg = Release|x64
		{E7F41CF5-10BD-45A2-A049-DA6661D44C55}.Release|x64.Build.0 = Release|x64
		{EF0764D0-2364-44E1-A3DF-E2A1FEFC892A}.Debug|x64.ActiveCfg = Debug|x64
		{EF0764D0-2364-44E1-A3DF-E2A1FEFC892A}.Debug|x64.Build.0 = Debug|x64
		{EF0764D0-2364-44E1-A3DF-E2A1FEFC892A}.Release|x64.ActiveCfg = Release|x64
		{EF0764D0-2364-44E1-A3DF-E2A1FEFC892A}.Release|x64.Build.0 = Release|x64
		{A216E9E7-7233-4F47-B83D-4A60B4F2C956}.Debug|x64.ActiveCfg = Debug|x64
		{A216E9E7-7233-4F47-B83D-4A60B4F2C956}.Debug|x64.Build.0 = Debug|x64
		{A216E9E7-7233-4F47-B83D-4A60B4F2C956}.Release|x64.ActiveCfg = Release|x64
		{A216E9E7-7233-4F47-B83D-4A60B4F2C956}.Release|x64.Build.0 = Release|x64
		{7A59175C-BBFD-432A-B1D0-0D1C7D6FF717}.Debug|x64.ActiveCfg = Debug|x64
		{7A59175C-BBFD-432A-B1D0-0D1C7D6FF717}.Debug|x64.Build.0 = Debug|x64
		{7A59175C-BBFD-432A-B1D0-0D1C7D6FF717}.Release|x64.ActiveCfg = Release|x64
		{7A59175C-BBFD-432A-B1D0-0D1C7D6FF717}.Release|x64.Build.0 = Release|x64
	EndGlobalSection
	GlobalSection(SolutionProperties) = preSolution
		HideSolutionNode = FALSE
	EndGlobalSection
	GlobalSection(ExtensibilityGlobals) = postSolution
		SolutionGuid = {57D8ADF1-2FE7-44B0-8721-14929BF60D27}
	EndGlobalSection
EndGlobal
