
Microsoft Visual Studio Solution File, Format Version 12.00
# Visual Studio Version 17
VisualStudioVersion = 17.6.33801.468
MinimumVisualStudioVersion = 10.0.40219.1
Project("{FAE04EC0-301F-11D3-BF4B-00C04F79EFBC}") = "Test", "Test\Test.csproj", "{75B19254-BDD1-4D48-9434-81B021F01641}"
EndProject
Project("{FAE04EC0-301F-11D3-BF4B-00C04F79EFBC}") = "OpaiStatic", "OpaiStatic\OpaiStatic.csproj", "{45BEA8F8-28DF-4D16-8BDF-92BA7615F2B9}"
EndProject
Global
	GlobalSection(SolutionConfigurationPlatforms) = preSolution
		Debug|x64 = Debug|x64
		Release|x64 = Release|x64
	EndGlobalSection
	GlobalSection(ProjectConfigurationPlatforms) = postSolution
		{75B19254-BDD1-4D48-9434-81B021F01641}.Debug|x64.ActiveCfg = Debug|x64
		{75B19254-BDD1-4D48-9434-81B021F01641}.Debug|x64.Build.0 = Debug|x64
		{75B19254-BDD1-4D48-9434-81B021F01641}.Release|x64.ActiveCfg = Release|x64
		{75B19254-BDD1-4D48-9434-81B021F01641}.Release|x64.Build.0 = Release|x64
		{45BEA8F8-28DF-4D16-8BDF-92BA7615F2B9}.Debug|x64.ActiveCfg = Debug|x64
		{45BEA8F8-28DF-4D16-8BDF-92BA7615F2B9}.Debug|x64.Build.0 = Debug|x64
		{45BEA8F8-28DF-4D16-8BDF-92BA7615F2B9}.Release|x64.ActiveCfg = Release|x64
		{45BEA8F8-28DF-4D16-8BDF-92BA7615F2B9}.Release|x64.Build.0 = Release|x64
	EndGlobalSection
	GlobalSection(SolutionProperties) = preSolution
		HideSolutionNode = FALSE
	EndGlobalSection
	GlobalSection(ExtensibilityGlobals) = postSolution
		SolutionGuid = {ED5970F4-E5CF-4AF1-A287-2AA6889210FF}
	EndGlobalSection
EndGlobal
