
Microsoft Visual Studio Solution File, Format Version 12.00
# Visual Studio Version 17
VisualStudioVersion = 17.6.33801.468
MinimumVisualStudioVersion = 10.0.40219.1
Project("{FAE04EC0-301F-11D3-BF4B-00C04F79EFBC}") = "VNMakerCore", "VNMakerCore\VNMakerCore.csproj", "{1E013BA9-8343-49B1-BC79-5B99F85F7379}"
EndProject
Project("{FAE04EC0-301F-11D3-BF4B-00C04F79EFBC}") = "ConsoleTest", "ConsoleTest\ConsoleTest.csproj", "{57447229-7D94-4154-B300-CD99779F4B60}"
EndProject
Project("{FAE04EC0-301F-11D3-BF4B-00C04F79EFBC}") = "VNMakerGUI", "VNMakerGUI\VNMakerGUI.csproj", "{CD51FA32-6371-4B56-B099-B407A440E6E2}"
EndProject
Global
	GlobalSection(SolutionConfigurationPlatforms) = preSolution
		Debug|x64 = Debug|x64
		Release|x64 = Release|x64
	EndGlobalSection
	GlobalSection(ProjectConfigurationPlatforms) = postSolution
		{1E013BA9-8343-49B1-BC79-5B99F85F7379}.Debug|x64.ActiveCfg = Debug|x64
		{1E013BA9-8343-49B1-BC79-5B99F85F7379}.Debug|x64.Build.0 = Debug|x64
		{1E013BA9-8343-49B1-BC79-5B99F85F7379}.Release|x64.ActiveCfg = Release|x64
		{1E013BA9-8343-49B1-BC79-5B99F85F7379}.Release|x64.Build.0 = Release|x64
		{57447229-7D94-4154-B300-CD99779F4B60}.Debug|x64.ActiveCfg = Debug|x64
		{57447229-7D94-4154-B300-CD99779F4B60}.Debug|x64.Build.0 = Debug|x64
		{57447229-7D94-4154-B300-CD99779F4B60}.Release|x64.ActiveCfg = Release|x64
		{57447229-7D94-4154-B300-CD99779F4B60}.Release|x64.Build.0 = Release|x64
		{CD51FA32-6371-4B56-B099-B407A440E6E2}.Debug|x64.ActiveCfg = Debug|x64
		{CD51FA32-6371-4B56-B099-B407A440E6E2}.Debug|x64.Build.0 = Debug|x64
		{CD51FA32-6371-4B56-B099-B407A440E6E2}.Release|x64.ActiveCfg = Release|x64
		{CD51FA32-6371-4B56-B099-B407A440E6E2}.Release|x64.Build.0 = Release|x64
	EndGlobalSection
	GlobalSection(SolutionProperties) = preSolution
		HideSolutionNode = FALSE
	EndGlobalSection
	GlobalSection(ExtensibilityGlobals) = postSolution
		SolutionGuid = {7365A006-B20A-491A-A6B6-0B7CCB36E21B}
	EndGlobalSection
EndGlobal
