
Microsoft Visual Studio Solution File, Format Version 12.00
# Visual Studio Version 17
VisualStudioVersion = 17.6.35707.66
MinimumVisualStudioVersion = 10.0.40219.1
Project("{FAE04EC0-301F-11D3-BF4B-00C04F79EFBC}") = "TheEndlessJourney", "TheEndlessJourney\TheEndlessJourney.csproj", "{B4D6DABF-3899-46B2-B53C-39C5ECD43BB8}"
EndProject
Global
	GlobalSection(SolutionConfigurationPlatforms) = preSolution
		Debug|x64 = Debug|x64
		Release|x64 = Release|x64
	EndGlobalSection
	GlobalSection(ProjectConfigurationPlatforms) = postSolution
		{B4D6DABF-3899-46B2-B53C-39C5ECD43BB8}.Debug|x64.ActiveCfg = Debug|x64
		{B4D6DABF-3899-46B2-B53C-39C5ECD43BB8}.Debug|x64.Build.0 = Debug|x64
		{B4D6DABF-3899-46B2-B53C-39C5ECD43BB8}.Release|x64.ActiveCfg = Release|x64
		{B4D6DABF-3899-46B2-B53C-39C5ECD43BB8}.Release|x64.Build.0 = Release|x64
	EndGlobalSection
	GlobalSection(SolutionProperties) = preSolution
		HideSolutionNode = FALSE
	EndGlobalSection
	GlobalSection(ExtensibilityGlobals) = postSolution
		SolutionGuid = {682ED1C2-7873-4C2F-BD8C-847308495D3C}
	EndGlobalSection
EndGlobal
