<?xml version="1.0" encoding="utf-8"?>
<Project ToolsVersion="4.0" xmlns="http://schemas.microsoft.com/developer/msbuild/2003">
  <ItemGroup>
    <Filter Include="源文件">
      <UniqueIdentifier>{4FC737F1-C7A5-4376-A066-2A32D752A2FF}</UniqueIdentifier>
      <Extensions>cpp;c;cc;cxx;c++;cppm;ixx;def;odl;idl;hpj;bat;asm;asmx</Extensions>
    </Filter>
    <Filter Include="头文件">
      <UniqueIdentifier>{93995380-89BD-4b04-88EB-625FBE52EBFB}</UniqueIdentifier>
      <Extensions>h;hh;hpp;hxx;h++;hm;inl;inc;ipp;xsd</Extensions>
    </Filter>
    <Filter Include="资源文件">
      <UniqueIdentifier>{67DA6AB6-F800-4c08-8B7A-83BB121AAD01}</UniqueIdentifier>
      <Extensions>rc;ico;cur;bmp;dlg;rc2;rct;bin;rgs;gif;jpg;jpeg;jpe;resx;tiff;tif;png;wav;mfcribbon-ms</Extensions>
    </Filter>
    <Filter Include="Detours">
      <UniqueIdentifier>{761e9441-298e-4522-877e-b406f49b6a56}</UniqueIdentifier>
    </Filter>
    <Filter Include="Common">
      <UniqueIdentifier>{c18d73f0-6c02-4fc9-8f15-7c0401397458}</UniqueIdentifier>
    </Filter>
    <Filter Include="KrkrPlugin">
      <UniqueIdentifier>{d76d6669-b578-45fa-9fe5-4b88cdc4d9ac}</UniqueIdentifier>
    </Filter>
  </ItemGroup>
  <ItemGroup>
    <ClCompile Include="dllmain.cpp">
      <Filter>源文件</Filter>
    </ClCompile>
    <ClCompile Include="..\Detours\creatwth.cpp">
      <Filter>Detours</Filter>
    </ClCompile>
    <ClCompile Include="..\Detours\detours.cpp">
      <Filter>Detours</Filter>
    </ClCompile>
    <ClCompile Include="..\Detours\disasm.cpp">
      <Filter>Detours</Filter>
    </ClCompile>
    <ClCompile Include="..\Detours\image.cpp">
      <Filter>Detours</Filter>
    </ClCompile>
    <ClCompile Include="..\Detours\modules.cpp">
      <Filter>Detours</Filter>
    </ClCompile>
    <ClCompile Include="..\Common\encoding.cpp">
      <Filter>Common</Filter>
    </ClCompile>
    <ClCompile Include="..\Common\file.cpp">
      <Filter>Common</Filter>
    </ClCompile>
    <ClCompile Include="..\Common\log.cpp">
      <Filter>Common</Filter>
    </ClCompile>
    <ClCompile Include="..\Common\path.cpp">
      <Filter>Common</Filter>
    </ClCompile>
    <ClCompile Include="..\Common\pe.cpp">
      <Filter>Common</Filter>
    </ClCompile>
    <ClCompile Include="..\Common\stringhelper.cpp">
      <Filter>Common</Filter>
    </ClCompile>
    <ClCompile Include="..\Common\util.cpp">
      <Filter>Common</Filter>
    </ClCompile>
    <ClCompile Include="..\KrkrPlugin\tp_stub.cpp">
      <Filter>KrkrPlugin</Filter>
    </ClCompile>
  </ItemGroup>
  <ItemGroup>
    <ClInclude Include="..\Detours\detours.h">
      <Filter>Detours</Filter>
    </ClInclude>
    <ClInclude Include="..\Common\encoding.h">
      <Filter>Common</Filter>
    </ClInclude>
    <ClInclude Include="..\Common\file.h">
      <Filter>Common</Filter>
    </ClInclude>
    <ClInclude Include="..\Common\log.h">
      <Filter>Common</Filter>
    </ClInclude>
    <ClInclude Include="..\Common\path.h">
      <Filter>Common</Filter>
    </ClInclude>
    <ClInclude Include="..\Common\pe.h">
      <Filter>Common</Filter>
    </ClInclude>
    <ClInclude Include="..\Common\stringhelper.h">
      <Filter>Common</Filter>
    </ClInclude>
    <ClInclude Include="..\Common\util.h">
      <Filter>Common</Filter>
    </ClInclude>
    <ClInclude Include="..\KrkrPlugin\tp_stub.h">
      <Filter>KrkrPlugin</Filter>
    </ClInclude>
  </ItemGroup>
</Project>