
Microsoft Visual Studio Solution File, Format Version 12.00
# Visual Studio Version 17
VisualStudioVersion = 17.4.33110.190
MinimumVisualStudioVersion = 10.0.40219.1
Project("{9A19103F-16F7-4668-BE54-9A1E7A4F7556}") = "SnowingStatic", "SnowingStatic\SnowingStatic.csproj", "{5565654F-FF1B-438A-B6A3-27C5C9876463}"
EndProject
Project("{9A19103F-16F7-4668-BE54-9A1E7A4F7556}") = "ConsoleExecute", "ConsoleExecute\ConsoleExecute.csproj", "{881567D7-45B1-4D37-BEFF-4CD4DB754DF2}"
EndProject
Project("{FAE04EC0-301F-11D3-BF4B-00C04F79EFBC}") = "VainRiserExtractor", "VainRiserExtractor\VainRiserExtractor.csproj", "{BC5EC866-4191-4AC3-94E6-0514379C802C}"
EndProject
Global
	GlobalSection(SolutionConfigurationPlatforms) = preSolution
		Debug|x64 = Debug|x64
		Release|x64 = Release|x64
	EndGlobalSection
	GlobalSection(ProjectConfigurationPlatforms) = postSolution
		{5565654F-FF1B-438A-B6A3-27C5C9876463}.Debug|x64.ActiveCfg = Debug|x64
		{5565654F-FF1B-438A-B6A3-27C5C9876463}.Debug|x64.Build.0 = Debug|x64
		{5565654F-FF1B-438A-B6A3-27C5C9876463}.Release|x64.ActiveCfg = Release|x64
		{5565654F-FF1B-438A-B6A3-27C5C9876463}.Release|x64.Build.0 = Release|x64
		{881567D7-45B1-4D37-BEFF-4CD4DB754DF2}.Debug|x64.ActiveCfg = Debug|x64
		{881567D7-45B1-4D37-BEFF-4CD4DB754DF2}.Debug|x64.Build.0 = Debug|x64
		{881567D7-45B1-4D37-BEFF-4CD4DB754DF2}.Release|x64.ActiveCfg = Release|x64
		{881567D7-45B1-4D37-BEFF-4CD4DB754DF2}.Release|x64.Build.0 = Release|x64
		{BC5EC866-4191-4AC3-94E6-0514379C802C}.Debug|x64.ActiveCfg = Debug|Any CPU
		{BC5EC866-4191-4AC3-94E6-0514379C802C}.Debug|x64.Build.0 = Debug|Any CPU
		{BC5EC866-4191-4AC3-94E6-0514379C802C}.Release|x64.ActiveCfg = Release|x64
		{BC5EC866-4191-4AC3-94E6-0514379C802C}.Release|x64.Build.0 = Release|x64
	EndGlobalSection
	GlobalSection(SolutionProperties) = preSolution
		HideSolutionNode = FALSE
	EndGlobalSection
	GlobalSection(ExtensibilityGlobals) = postSolution
		SolutionGuid = {B81DBCF2-D9F1-41B5-88B4-6B42FA2A1BA1}
	EndGlobalSection
EndGlobal
