
Microsoft Visual Studio Solution File, Format Version 12.00
# Visual Studio Version 16
VisualStudioVersion = 16.0.32510.428
MinimumVisualStudioVersion = 10.0.40219.1
Project("{FAE04EC0-301F-11D3-BF4B-00C04F79EFBC}") = "AsicxArtExtractor", "AsicxArtExtractor\AsicxArtExtractor.csproj", "{6A6E150E-B0A4-4F21-BE53-C1B5EBFCFAA9}"
EndProject
Global
	GlobalSection(SolutionConfigurationPlatforms) = preSolution
		Debug|x86 = Debug|x86
		Release|x86 = Release|x86
	EndGlobalSection
	GlobalSection(ProjectConfigurationPlatforms) = postSolution
		{6A6E150E-B0A4-4F21-BE53-C1B5EBFCFAA9}.Debug|x86.ActiveCfg = Debug|x86
		{6A6E150E-B0A4-4F21-BE53-C1B5EBFCFAA9}.Debug|x86.Build.0 = Debug|x86
		{6A6E150E-B0A4-4F21-BE53-C1B5EBFCFAA9}.Release|x86.ActiveCfg = Release|x86
		{6A6E150E-B0A4-4F21-BE53-C1B5EBFCFAA9}.Release|x86.Build.0 = Release|x86
	EndGlobalSection
	GlobalSection(SolutionProperties) = preSolution
		HideSolutionNode = FALSE
	EndGlobalSection
	GlobalSection(ExtensibilityGlobals) = postSolution
		SolutionGuid = {DCC8CCF9-D661-43A7-BFB1-593895FA6CBE}
	EndGlobalSection
EndGlobal
