
Microsoft Visual Studio Solution File, Format Version 12.00
# Visual Studio Version 16
VisualStudioVersion = 16.0.31911.196
MinimumVisualStudioVersion = 10.0.40219.1
Project("{9A19103F-16F7-4668-BE54-9A1E7A4F7556}") = "NvlUnityDecryptor", "NvlUnityDecrypt\NvlUnityDecryptor.csproj", "{B497BF5C-0EE1-4CDC-8E09-749BDD642190}"
EndProject
Project("{9A19103F-16F7-4668-BE54-9A1E7A4F7556}") = "DecryptorGui", "DecryptorGui\DecryptorGui.csproj", "{597CDBF1-2F23-4CBC-9AB5-4F6F2D1D15DE}"
EndProject
Global
	GlobalSection(SolutionConfigurationPlatforms) = preSolution
		Debug|x64 = Debug|x64
		Release|x64 = Release|x64
	EndGlobalSection
	GlobalSection(ProjectConfigurationPlatforms) = postSolution
		{B497BF5C-0EE1-4CDC-8E09-749BDD642190}.Debug|x64.ActiveCfg = Debug|x64
		{B497BF5C-0EE1-4CDC-8E09-749BDD642190}.Debug|x64.Build.0 = Debug|x64
		{B497BF5C-0EE1-4CDC-8E09-749BDD642190}.Release|x64.ActiveCfg = Release|x64
		{B497BF5C-0EE1-4CDC-8E09-749BDD642190}.Release|x64.Build.0 = Release|x64
		{597CDBF1-2F23-4CBC-9AB5-4F6F2D1D15DE}.Debug|x64.ActiveCfg = Debug|x64
		{597CDBF1-2F23-4CBC-9AB5-4F6F2D1D15DE}.Debug|x64.Build.0 = Debug|x64
		{597CDBF1-2F23-4CBC-9AB5-4F6F2D1D15DE}.Release|x64.ActiveCfg = Release|x64
		{597CDBF1-2F23-4CBC-9AB5-4F6F2D1D15DE}.Release|x64.Build.0 = Release|x64
	EndGlobalSection
	GlobalSection(SolutionProperties) = preSolution
		HideSolutionNode = FALSE
	EndGlobalSection
	GlobalSection(ExtensibilityGlobals) = postSolution
		SolutionGuid = {EB6B6327-EDC3-4894-AC03-BBD99D86B983}
	EndGlobalSection
EndGlobal
