
Microsoft Visual Studio Solution File, Format Version 12.00
# Visual Studio Version 16
VisualStudioVersion = 16.0.31410.357
MinimumVisualStudioVersion = 10.0.40219.1
Project("{FAE04EC0-301F-11D3-BF4B-00C04F79EFBC}") = "BKEngineUnpake", "BKEngineUnpake\BKEngineUnpake.csproj", "{62F48143-6EEB-4466-9691-1489580710CE}"
EndProject
Project("{FAE04EC0-301F-11D3-BF4B-00C04F79EFBC}") = "ExtractGUI", "ExtractGUI\ExtractGUI.csproj", "{7BA9D40D-E1C1-454D-8D70-E305BD220BDC}"
EndProject
Global
	GlobalSection(SolutionConfigurationPlatforms) = preSolution
		Debug|x64 = Debug|x64
		Release|x64 = Release|x64
	EndGlobalSection
	GlobalSection(ProjectConfigurationPlatforms) = postSolution
		{62F48143-6EEB-4466-9691-1489580710CE}.Debug|x64.ActiveCfg = Debug|x64
		{62F48143-6EEB-4466-9691-1489580710CE}.Debug|x64.Build.0 = Debug|x64
		{62F48143-6EEB-4466-9691-1489580710CE}.Release|x64.ActiveCfg = Release|x64
		{62F48143-6EEB-4466-9691-1489580710CE}.Release|x64.Build.0 = Release|x64
		{7BA9D40D-E1C1-454D-8D70-E305BD220BDC}.Debug|x64.ActiveCfg = Debug|x64
		{7BA9D40D-E1C1-454D-8D70-E305BD220BDC}.Debug|x64.Build.0 = Debug|x64
		{7BA9D40D-E1C1-454D-8D70-E305BD220BDC}.Release|x64.ActiveCfg = Release|x64
		{7BA9D40D-E1C1-454D-8D70-E305BD220BDC}.Release|x64.Build.0 = Release|x64
	EndGlobalSection
	GlobalSection(SolutionProperties) = preSolution
		HideSolutionNode = FALSE
	EndGlobalSection
	GlobalSection(ExtensibilityGlobals) = postSolution
		SolutionGuid = {FB83D74D-25D7-466A-8962-DBEFB2C6BC6D}
	EndGlobalSection
EndGlobal
